
Microsoft Visual Studio Solution File, Format Version 12.00
# Visual Studio Version 17
VisualStudioVersion = 17.1.31911.260
MinimumVisualStudioVersion = 10.0.40219.1
Project("{2150E333-8FDC-42A3-9474-1A3956D46DE8}") = "Solid", "Solid", "{1658896A-D8E9-499F-9211-9897F3BEBFC3}"
EndProject
Project("{9A19103F-16F7-4668-BE54-9A1E7A4F7556}") = "SOLID_SingleResponsibilityPrincip", "SOLID_SingleResponsibilityPrincip\SOLID_SingleResponsibilityPrincip.csproj", "{DEEAA819-AF46-461E-A85A-3BC8710F8B85}"
EndProject
Project("{9A19103F-16F7-4668-BE54-9A1E7A4F7556}") = "OpenClose_Principe", "OpenClose_Principe\OpenClose_Principe.csproj", "{59B4916B-DA2C-4C3D-973E-5E801DA676EC}"
EndProject
Project("{2150E333-8FDC-42A3-9474-1A3956D46DE8}") = "Solution Items", "Solution Items", "{CB6F5BB4-1797-44CC-9D72-E602B9577EE2}"
	ProjectSection(SolutionItems) = preProject
		..\Agenda.md = ..\Agenda.md
	EndProjectSection
EndProject
Project("{9A19103F-16F7-4668-BE54-9A1E7A4F7556}") = "SOLID_LizkovPrincipe", "SOLID_LizkovPrincipe\SOLID_LizkovPrincipe.csproj", "{2B1EB799-D209-4403-9726-3AD9F33D1F8D}"
EndProject
Project("{9A19103F-16F7-4668-BE54-9A1E7A4F7556}") = "SOLID_DependencyInversion", "SOLID_DependencyInversion\SOLID_DependencyInversion.csproj", "{B2CA3AA8-9512-4A4C-9721-BADA6F3AA539}"
EndProject
Project("{9A19103F-16F7-4668-BE54-9A1E7A4F7556}") = "SOLID_InterfaceSegregation", "SOLID_InterfaceSegregation\SOLID_InterfaceSegregation.csproj", "{8DB36EBE-B71E-4286-A92E-CBFAE31533E3}"
EndProject
Project("{2150E333-8FDC-42A3-9474-1A3956D46DE8}") = "Delegate", "Delegate", "{A281D7A6-CC93-47C2-B992-CEC92E9E51B4}"
EndProject
Project("{9A19103F-16F7-4668-BE54-9A1E7A4F7556}") = "DelegatesActionsAndFuncsSamples", "DelegatesActionsAndFuncsSamples\DelegatesActionsAndFuncsSamples.csproj", "{FCE3C268-AEA4-4970-9956-030A200D0060}"
EndProject
Project("{9A19103F-16F7-4668-BE54-9A1E7A4F7556}") = "DelegatesAndActionAsCallbacks", "DelegatesAndActionAsCallbacks\DelegatesAndActionAsCallbacks.csproj", "{ACB56D89-91C9-407F-BEF3-D7FD2892F181}"
EndProject
Project("{9A19103F-16F7-4668-BE54-9A1E7A4F7556}") = "EventAndEventHandlerInNET5", "EventAndEventHandlerInNET5\EventAndEventHandlerInNET5.csproj", "{016539DB-6E54-4BAF-AB96-0284F634B836}"
EndProject
Project("{9A19103F-16F7-4668-BE54-9A1E7A4F7556}") = "EventEventHandlerSample", "EventEventHandlerSample\EventEventHandlerSample.csproj", "{D0181A3A-D6F7-4C4D-97CE-BDD5E46808E0}"
EndProject
Project("{2150E333-8FDC-42A3-9474-1A3956D46DE8}") = "LABS", "LABS", "{5E50D987-F507-4F8F-8D78-C79C38CA8D78}"
EndProject
Project("{9A19103F-16F7-4668-BE54-9A1E7A4F7556}") = "Übung_Solid1", "Übung_Solid1\Übung_Solid1.csproj", "{FCE2B60E-C896-48AA-8323-77EF360E70D7}"
EndProject
Project("{9A19103F-16F7-4668-BE54-9A1E7A4F7556}") = "Übung_Solid2", "Übung_Solid2\Übung_Solid2.csproj", "{4D841BA8-C190-4FF8-8D65-4978657119F2}"
EndProject
Project("{2150E333-8FDC-42A3-9474-1A3956D46DE8}") = "Benchmarks", "Benchmarks", "{6CB15F90-5300-4873-860C-811C965C0608}"
EndProject
Project("{9A19103F-16F7-4668-BE54-9A1E7A4F7556}") = "StringBuilderBenchmarkDemo", "StringBuilderBenchmarkDemo\StringBuilderBenchmarkDemo.csproj", "{F8AD8D1A-F846-43A7-9A74-073719C4C4DF}"
EndProject
Project("{2150E333-8FDC-42A3-9474-1A3956D46DE8}") = "Threading", "Threading", "{BFB0124B-B167-4653-9D33-A0836F200E66}"
EndProject
Project("{FAE04EC0-301F-11D3-BF4B-00C04F79EFBC}") = "HalloAsync", "HalloAsync\HalloAsync\HalloAsync.csproj", "{8518674C-843F-4BCF-BAD3-3EAEB28E48EF}"
EndProject
Project("{9A19103F-16F7-4668-BE54-9A1E7A4F7556}") = "001_ThreadStarten", "001_ThreadStarten\001_ThreadStarten.csproj", "{83340DE1-ABF8-474D-97E5-FB8C563E982C}"
EndProject
Project("{9A19103F-16F7-4668-BE54-9A1E7A4F7556}") = "002_ThreadMitParameterStarten", "002_ThreadMitParameterStarten\002_ThreadMitParameterStarten.csproj", "{BDE418AE-D0DE-4F42-81D1-5FCCDA6B33D2}"
EndProject
Project("{9A19103F-16F7-4668-BE54-9A1E7A4F7556}") = "003_ThreadBeenden", "003_ThreadBeenden\003_ThreadBeenden.csproj", "{4A86B6E6-14AF-4BFB-B544-E501509A40CD}"
EndProject
Project("{9A19103F-16F7-4668-BE54-9A1E7A4F7556}") = "004_ThreadWithParameterAndReturnValue", "004_ThreadWithParameterAndReturnValue\004_ThreadWithParameterAndReturnValue.csproj", "{2644428E-58F9-48CC-B670-C6F31CD847D0}"
EndProject
Project("{9A19103F-16F7-4668-BE54-9A1E7A4F7556}") = "005_ThreadWithCallback", "005_ThreadWithCallback\005_ThreadWithCallback.csproj", "{9230C9BE-2908-41E6-B708-9265AC6137BB}"
EndProject
Project("{9A19103F-16F7-4668-BE54-9A1E7A4F7556}") = "006_ThreadPool", "006_ThreadPool\006_ThreadPool.csproj", "{299DC41F-DDC9-4600-81C1-E3C59B64E828}"
EndProject
Project("{9A19103F-16F7-4668-BE54-9A1E7A4F7556}") = "007_LockSample", "007_LockSample\007_LockSample.csproj", "{770B1EFB-E553-4EBC-B36F-54814CF5B318}"
EndProject
Project("{9A19103F-16F7-4668-BE54-9A1E7A4F7556}") = "008_MonitorSample", "008_MonitorSample\008_MonitorSample.csproj", "{52805B97-A4AB-4D9C-9B64-713B4418A68E}"
EndProject
Project("{9A19103F-16F7-4668-BE54-9A1E7A4F7556}") = "009_Mutex", "009_Mutex\009_Mutex.csproj", "{FE406B09-A0FD-473C-8F1B-BF63C2F03DB9}"
EndProject
Project("{9A19103F-16F7-4668-BE54-9A1E7A4F7556}") = "010_Mutex_ProgramInstance", "010_Mutex_ProgramInstance\010_Mutex_ProgramInstance.csproj", "{49BBC7F5-DDC9-4A6D-90BA-76FAE5C39A48}"
EndProject
Project("{2150E333-8FDC-42A3-9474-1A3956D46DE8}") = "TPL", "TPL", "{250D4C01-44BE-49E5-BF1A-4246C3D8E688}"
EndProject
Project("{9A19103F-16F7-4668-BE54-9A1E7A4F7556}") = "001_Task_Starten", "001_Task_Starten\001_Task_Starten.csproj", "{6ABBAF1C-259F-4D7C-A107-D9CE00D1156F}"
EndProject
Project("{9A19103F-16F7-4668-BE54-9A1E7A4F7556}") = "002_Task_Bennden", "002_Task_Bennden\002_Task_Bennden.csproj", "{435714D3-4CCC-4FD2-B7CC-CFA7E5668426}"
EndProject
Project("{9A19103F-16F7-4668-BE54-9A1E7A4F7556}") = "003_TaskFactorySample", "003_TaskFactorySample\003_TaskFactorySample.csproj", "{857117D9-135D-4CAF-AF5A-4071D5E4DD7E}"
EndProject
Project("{9A19103F-16F7-4668-BE54-9A1E7A4F7556}") = "004_TaskMitParameter", "004_TaskMitParameter\004_TaskMitParameter.csproj", "{97A8DC04-84D7-49BB-912E-2AC48D62D86C}"
EndProject
Project("{9A19103F-16F7-4668-BE54-9A1E7A4F7556}") = "005_TaskMitException", "TaskMitException\005_TaskMitException.csproj", "{15C5E737-70E2-4332-A969-DE91F090D870}"
EndProject
Project("{9A19103F-16F7-4668-BE54-9A1E7A4F7556}") = "006_ContinueSample", "006_ContinueSample\006_ContinueSample.csproj", "{2A65711E-0619-4A31-82AB-F6AE9ACC4CF8}"
EndProject
Project("{9A19103F-16F7-4668-BE54-9A1E7A4F7556}") = "007_ContinueWithParams", "007_ContinueWithParams\007_ContinueWithParams.csproj", "{6A0BB4EB-2EA4-4BB6-A297-BCD534FCF5C7}"
EndProject
Project("{9A19103F-16F7-4668-BE54-9A1E7A4F7556}") = "008_Task_WhenAllSample", "008_Task_WhenAllSample\008_Task_WhenAllSample.csproj", "{83060FD2-61DE-40E0-BBC4-AE7C14B77023}"
EndProject
Project("{9A19103F-16F7-4668-BE54-9A1E7A4F7556}") = "BenchmarkTestParallelForVsFor", "BenchmarkTestParallelForVsFor\BenchmarkTestParallelForVsFor.csproj", "{6E8E91C9-B7F2-4D11-908E-44D18828105B}"
EndProject
Project("{9A19103F-16F7-4668-BE54-9A1E7A4F7556}") = "009_AsynAwaitPattern", "009_AsynAwaitPattern\009_AsynAwaitPattern.csproj", "{ADF1E7C4-A48E-42AD-AC1B-337923BCEAC0}"
EndProject
Project("{FAE04EC0-301F-11D3-BF4B-00C04F79EFBC}") = "HalloAsync", "HalloAsync (1)\HalloAsync\HalloAsync.csproj", "{C3C3AA6C-53E4-4A4A-82E6-A6946EB298E4}"
EndProject
Project("{2150E333-8FDC-42A3-9474-1A3956D46DE8}") = "Generic", "Generic", "{C2289092-A534-4CDF-8C5E-EDF45657550B}"
EndProject
Project("{9A19103F-16F7-4668-BE54-9A1E7A4F7556}") = "GenericSample", "GenericSample\GenericSample.csproj", "{C14A5006-91B8-431F-8791-627D456F6F2F}"
EndProject
Project("{9A19103F-16F7-4668-BE54-9A1E7A4F7556}") = "GenericConstraints", "GenericConstraints\GenericConstraints.csproj", "{FDB6EAFD-4CAB-4E10-9801-2B5C36BCC704}"
EndProject
Project("{2150E333-8FDC-42A3-9474-1A3956D46DE8}") = "StructVsClass", "StructVsClass", "{19D64D43-D79A-4F89-AFB9-23B486E61C2F}"
EndProject
Project("{9A19103F-16F7-4668-BE54-9A1E7A4F7556}") = "Modul019_01_StructVsClass", "StructVsClass\Modul019_01_StructVsClass.csproj", "{5188528C-B756-41BF-A49F-CC46A7D9EC67}"
EndProject
Project("{9A19103F-16F7-4668-BE54-9A1E7A4F7556}") = "TPL1_Lab", "TPL1_Lab\TPL1_Lab.csproj", "{1FEF61FA-5316-4F78-84D9-BACF45F6C845}"
EndProject
Project("{9A19103F-16F7-4668-BE54-9A1E7A4F7556}") = "TPL2_Lab", "TPL2_Lab\TPL2_Lab.csproj", "{7B462EC8-DED8-48E3-B825-3C1DF6A49ADE}"
EndProject
Project("{9A19103F-16F7-4668-BE54-9A1E7A4F7556}") = "Generic_Lab", "Generic_Lab\Generic_Lab.csproj", "{08FAD993-E820-47D6-AF42-DE50D1A3B629}"
EndProject
Project("{2150E333-8FDC-42A3-9474-1A3956D46DE8}") = "Reflections", "Reflections", "{FE8997BF-6B46-4987-9B53-60D8E18053E2}"
EndProject
Project("{9A19103F-16F7-4668-BE54-9A1E7A4F7556}") = "Taschenrechner", "Taschenrechner\Taschenrechner.csproj", "{095EB86E-3EF9-4925-9F8C-DD24CB95A676}"
EndProject
Project("{9A19103F-16F7-4668-BE54-9A1E7A4F7556}") = "HelloReflections", "HelloReflections\HelloReflections.csproj", "{BFC63649-279B-476A-8079-107459558CA9}"
EndProject
Project("{2150E333-8FDC-42A3-9474-1A3956D46DE8}") = "Serialisierung", "Serialisierung", "{F74D9609-F34E-426C-B74B-AA88489F1185}"
EndProject
Project("{FAE04EC0-301F-11D3-BF4B-00C04F79EFBC}") = "HelloSerialization", "HelloSerialization\HelloSerialization.csproj", "{1D051FA1-229F-4AAC-A6B4-FB99720D1214}"
EndProject
Project("{2150E333-8FDC-42A3-9474-1A3956D46DE8}") = "LinqLambda", "LinqLambda", "{F5767038-6FC9-4E4F-B65F-37423F5D1044}"
EndProject
Project("{FAE04EC0-301F-11D3-BF4B-00C04F79EFBC}") = "HelloLinqAndLambdaExpression", "HelloLinqAndLambdaExpression\HelloLinqAndLambdaExpression.csproj", "{6F5A109F-BAC1-4743-9810-046289893E52}"
EndProject
Project("{2150E333-8FDC-42A3-9474-1A3956D46DE8}") = "Operatoren", "Operatoren", "{926A3593-543C-4AB7-825E-AD956A6C3BF9}"
EndProject
Project("{FAE04EC0-301F-11D3-BF4B-00C04F79EFBC}") = "HelloOperatoren", "HelloOperatoren\HelloOperatoren.csproj", "{7761E566-556A-4953-8169-040A0B3A3C6C}"
EndProject
Global
	GlobalSection(SolutionConfigurationPlatforms) = preSolution
		Debug|Any CPU = Debug|Any CPU
		Release|Any CPU = Release|Any CPU
	EndGlobalSection
	GlobalSection(ProjectConfigurationPlatforms) = postSolution
		{DEEAA819-AF46-461E-A85A-3BC8710F8B85}.Debug|Any CPU.ActiveCfg = Debug|Any CPU
		{DEEAA819-AF46-461E-A85A-3BC8710F8B85}.Debug|Any CPU.Build.0 = Debug|Any CPU
		{DEEAA819-AF46-461E-A85A-3BC8710F8B85}.Release|Any CPU.ActiveCfg = Release|Any CPU
		{DEEAA819-AF46-461E-A85A-3BC8710F8B85}.Release|Any CPU.Build.0 = Release|Any CPU
		{59B4916B-DA2C-4C3D-973E-5E801DA676EC}.Debug|Any CPU.ActiveCfg = Debug|Any CPU
		{59B4916B-DA2C-4C3D-973E-5E801DA676EC}.Debug|Any CPU.Build.0 = Debug|Any CPU
		{59B4916B-DA2C-4C3D-973E-5E801DA676EC}.Release|Any CPU.ActiveCfg = Release|Any CPU
		{59B4916B-DA2C-4C3D-973E-5E801DA676EC}.Release|Any CPU.Build.0 = Release|Any CPU
		{2B1EB799-D209-4403-9726-3AD9F33D1F8D}.Debug|Any CPU.ActiveCfg = Debug|Any CPU
		{2B1EB799-D209-4403-9726-3AD9F33D1F8D}.Debug|Any CPU.Build.0 = Debug|Any CPU
		{2B1EB799-D209-4403-9726-3AD9F33D1F8D}.Release|Any CPU.ActiveCfg = Release|Any CPU
		{2B1EB799-D209-4403-9726-3AD9F33D1F8D}.Release|Any CPU.Build.0 = Release|Any CPU
		{B2CA3AA8-9512-4A4C-9721-BADA6F3AA539}.Debug|Any CPU.ActiveCfg = Debug|Any CPU
		{B2CA3AA8-9512-4A4C-9721-BADA6F3AA539}.Debug|Any CPU.Build.0 = Debug|Any CPU
		{B2CA3AA8-9512-4A4C-9721-BADA6F3AA539}.Release|Any CPU.ActiveCfg = Release|Any CPU
		{B2CA3AA8-9512-4A4C-9721-BADA6F3AA539}.Release|Any CPU.Build.0 = Release|Any CPU
		{8DB36EBE-B71E-4286-A92E-CBFAE31533E3}.Debug|Any CPU.ActiveCfg = Debug|Any CPU
		{8DB36EBE-B71E-4286-A92E-CBFAE31533E3}.Debug|Any CPU.Build.0 = Debug|Any CPU
		{8DB36EBE-B71E-4286-A92E-CBFAE31533E3}.Release|Any CPU.ActiveCfg = Release|Any CPU
		{8DB36EBE-B71E-4286-A92E-CBFAE31533E3}.Release|Any CPU.Build.0 = Release|Any CPU
		{FCE3C268-AEA4-4970-9956-030A200D0060}.Debug|Any CPU.ActiveCfg = Debug|Any CPU
		{FCE3C268-AEA4-4970-9956-030A200D0060}.Debug|Any CPU.Build.0 = Debug|Any CPU
		{FCE3C268-AEA4-4970-9956-030A200D0060}.Release|Any CPU.ActiveCfg = Release|Any CPU
		{FCE3C268-AEA4-4970-9956-030A200D0060}.Release|Any CPU.Build.0 = Release|Any CPU
		{ACB56D89-91C9-407F-BEF3-D7FD2892F181}.Debug|Any CPU.ActiveCfg = Debug|Any CPU
		{ACB56D89-91C9-407F-BEF3-D7FD2892F181}.Debug|Any CPU.Build.0 = Debug|Any CPU
		{ACB56D89-91C9-407F-BEF3-D7FD2892F181}.Release|Any CPU.ActiveCfg = Release|Any CPU
		{ACB56D89-91C9-407F-BEF3-D7FD2892F181}.Release|Any CPU.Build.0 = Release|Any CPU
		{016539DB-6E54-4BAF-AB96-0284F634B836}.Debug|Any CPU.ActiveCfg = Debug|Any CPU
		{016539DB-6E54-4BAF-AB96-0284F634B836}.Debug|Any CPU.Build.0 = Debug|Any CPU
		{016539DB-6E54-4BAF-AB96-0284F634B836}.Release|Any CPU.ActiveCfg = Release|Any CPU
		{016539DB-6E54-4BAF-AB96-0284F634B836}.Release|Any CPU.Build.0 = Release|Any CPU
		{D0181A3A-D6F7-4C4D-97CE-BDD5E46808E0}.Debug|Any CPU.ActiveCfg = Debug|Any CPU
		{D0181A3A-D6F7-4C4D-97CE-BDD5E46808E0}.Debug|Any CPU.Build.0 = Debug|Any CPU
		{D0181A3A-D6F7-4C4D-97CE-BDD5E46808E0}.Release|Any CPU.ActiveCfg = Release|Any CPU
		{D0181A3A-D6F7-4C4D-97CE-BDD5E46808E0}.Release|Any CPU.Build.0 = Release|Any CPU
		{FCE2B60E-C896-48AA-8323-77EF360E70D7}.Debug|Any CPU.ActiveCfg = Debug|Any CPU
		{FCE2B60E-C896-48AA-8323-77EF360E70D7}.Debug|Any CPU.Build.0 = Debug|Any CPU
		{FCE2B60E-C896-48AA-8323-77EF360E70D7}.Release|Any CPU.ActiveCfg = Release|Any CPU
		{FCE2B60E-C896-48AA-8323-77EF360E70D7}.Release|Any CPU.Build.0 = Release|Any CPU
		{4D841BA8-C190-4FF8-8D65-4978657119F2}.Debug|Any CPU.ActiveCfg = Debug|Any CPU
		{4D841BA8-C190-4FF8-8D65-4978657119F2}.Debug|Any CPU.Build.0 = Debug|Any CPU
		{4D841BA8-C190-4FF8-8D65-4978657119F2}.Release|Any CPU.ActiveCfg = Release|Any CPU
		{4D841BA8-C190-4FF8-8D65-4978657119F2}.Release|Any CPU.Build.0 = Release|Any CPU
		{F8AD8D1A-F846-43A7-9A74-073719C4C4DF}.Debug|Any CPU.ActiveCfg = Debug|Any CPU
		{F8AD8D1A-F846-43A7-9A74-073719C4C4DF}.Debug|Any CPU.Build.0 = Debug|Any CPU
		{F8AD8D1A-F846-43A7-9A74-073719C4C4DF}.Release|Any CPU.ActiveCfg = Release|Any CPU
		{F8AD8D1A-F846-43A7-9A74-073719C4C4DF}.Release|Any CPU.Build.0 = Release|Any CPU
		{8518674C-843F-4BCF-BAD3-3EAEB28E48EF}.Debug|Any CPU.ActiveCfg = Debug|Any CPU
		{8518674C-843F-4BCF-BAD3-3EAEB28E48EF}.Debug|Any CPU.Build.0 = Debug|Any CPU
		{8518674C-843F-4BCF-BAD3-3EAEB28E48EF}.Release|Any CPU.ActiveCfg = Release|Any CPU
		{8518674C-843F-4BCF-BAD3-3EAEB28E48EF}.Release|Any CPU.Build.0 = Release|Any CPU
		{83340DE1-ABF8-474D-97E5-FB8C563E982C}.Debug|Any CPU.ActiveCfg = Debug|Any CPU
		{83340DE1-ABF8-474D-97E5-FB8C563E982C}.Debug|Any CPU.Build.0 = Debug|Any CPU
		{83340DE1-ABF8-474D-97E5-FB8C563E982C}.Release|Any CPU.ActiveCfg = Release|Any CPU
		{83340DE1-ABF8-474D-97E5-FB8C563E982C}.Release|Any CPU.Build.0 = Release|Any CPU
		{BDE418AE-D0DE-4F42-81D1-5FCCDA6B33D2}.Debug|Any CPU.ActiveCfg = Debug|Any CPU
		{BDE418AE-D0DE-4F42-81D1-5FCCDA6B33D2}.Debug|Any CPU.Build.0 = Debug|Any CPU
		{BDE418AE-D0DE-4F42-81D1-5FCCDA6B33D2}.Release|Any CPU.ActiveCfg = Release|Any CPU
		{BDE418AE-D0DE-4F42-81D1-5FCCDA6B33D2}.Release|Any CPU.Build.0 = Release|Any CPU
		{4A86B6E6-14AF-4BFB-B544-E501509A40CD}.Debug|Any CPU.ActiveCfg = Debug|Any CPU
		{4A86B6E6-14AF-4BFB-B544-E501509A40CD}.Debug|Any CPU.Build.0 = Debug|Any CPU
		{4A86B6E6-14AF-4BFB-B544-E501509A40CD}.Release|Any CPU.ActiveCfg = Release|Any CPU
		{4A86B6E6-14AF-4BFB-B544-E501509A40CD}.Release|Any CPU.Build.0 = Release|Any CPU
		{2644428E-58F9-48CC-B670-C6F31CD847D0}.Debug|Any CPU.ActiveCfg = Debug|Any CPU
		{2644428E-58F9-48CC-B670-C6F31CD847D0}.Debug|Any CPU.Build.0 = Debug|Any CPU
		{2644428E-58F9-48CC-B670-C6F31CD847D0}.Release|Any CPU.ActiveCfg = Release|Any CPU
		{2644428E-58F9-48CC-B670-C6F31CD847D0}.Release|Any CPU.Build.0 = Release|Any CPU
		{9230C9BE-2908-41E6-B708-9265AC6137BB}.Debug|Any CPU.ActiveCfg = Debug|Any CPU
		{9230C9BE-2908-41E6-B708-9265AC6137BB}.Debug|Any CPU.Build.0 = Debug|Any CPU
		{9230C9BE-2908-41E6-B708-9265AC6137BB}.Release|Any CPU.ActiveCfg = Release|Any CPU
		{9230C9BE-2908-41E6-B708-9265AC6137BB}.Release|Any CPU.Build.0 = Release|Any CPU
		{299DC41F-DDC9-4600-81C1-E3C59B64E828}.Debug|Any CPU.ActiveCfg = Debug|Any CPU
		{299DC41F-DDC9-4600-81C1-E3C59B64E828}.Debug|Any CPU.Build.0 = Debug|Any CPU
		{299DC41F-DDC9-4600-81C1-E3C59B64E828}.Release|Any CPU.ActiveCfg = Release|Any CPU
		{299DC41F-DDC9-4600-81C1-E3C59B64E828}.Release|Any CPU.Build.0 = Release|Any CPU
		{770B1EFB-E553-4EBC-B36F-54814CF5B318}.Debug|Any CPU.ActiveCfg = Debug|Any CPU
		{770B1EFB-E553-4EBC-B36F-54814CF5B318}.Debug|Any CPU.Build.0 = Debug|Any CPU
		{770B1EFB-E553-4EBC-B36F-54814CF5B318}.Release|Any CPU.ActiveCfg = Release|Any CPU
		{770B1EFB-E553-4EBC-B36F-54814CF5B318}.Release|Any CPU.Build.0 = Release|Any CPU
		{52805B97-A4AB-4D9C-9B64-713B4418A68E}.Debug|Any CPU.ActiveCfg = Debug|Any CPU
		{52805B97-A4AB-4D9C-9B64-713B4418A68E}.Debug|Any CPU.Build.0 = Debug|Any CPU
		{52805B97-A4AB-4D9C-9B64-713B4418A68E}.Release|Any CPU.ActiveCfg = Release|Any CPU
		{52805B97-A4AB-4D9C-9B64-713B4418A68E}.Release|Any CPU.Build.0 = Release|Any CPU
		{FE406B09-A0FD-473C-8F1B-BF63C2F03DB9}.Debug|Any CPU.ActiveCfg = Debug|Any CPU
		{FE406B09-A0FD-473C-8F1B-BF63C2F03DB9}.Debug|Any CPU.Build.0 = Debug|Any CPU
		{FE406B09-A0FD-473C-8F1B-BF63C2F03DB9}.Release|Any CPU.ActiveCfg = Release|Any CPU
		{FE406B09-A0FD-473C-8F1B-BF63C2F03DB9}.Release|Any CPU.Build.0 = Release|Any CPU
		{49BBC7F5-DDC9-4A6D-90BA-76FAE5C39A48}.Debug|Any CPU.ActiveCfg = Debug|Any CPU
		{49BBC7F5-DDC9-4A6D-90BA-76FAE5C39A48}.Debug|Any CPU.Build.0 = Debug|Any CPU
		{49BBC7F5-DDC9-4A6D-90BA-76FAE5C39A48}.Release|Any CPU.ActiveCfg = Release|Any CPU
		{49BBC7F5-DDC9-4A6D-90BA-76FAE5C39A48}.Release|Any CPU.Build.0 = Release|Any CPU
		{6ABBAF1C-259F-4D7C-A107-D9CE00D1156F}.Debug|Any CPU.ActiveCfg = Debug|Any CPU
		{6ABBAF1C-259F-4D7C-A107-D9CE00D1156F}.Debug|Any CPU.Build.0 = Debug|Any CPU
		{6ABBAF1C-259F-4D7C-A107-D9CE00D1156F}.Release|Any CPU.ActiveCfg = Release|Any CPU
		{6ABBAF1C-259F-4D7C-A107-D9CE00D1156F}.Release|Any CPU.Build.0 = Release|Any CPU
		{435714D3-4CCC-4FD2-B7CC-CFA7E5668426}.Debug|Any CPU.ActiveCfg = Debug|Any CPU
		{435714D3-4CCC-4FD2-B7CC-CFA7E5668426}.Debug|Any CPU.Build.0 = Debug|Any CPU
		{435714D3-4CCC-4FD2-B7CC-CFA7E5668426}.Release|Any CPU.ActiveCfg = Release|Any CPU
		{435714D3-4CCC-4FD2-B7CC-CFA7E5668426}.Release|Any CPU.Build.0 = Release|Any CPU
		{857117D9-135D-4CAF-AF5A-4071D5E4DD7E}.Debug|Any CPU.ActiveCfg = Debug|Any CPU
		{857117D9-135D-4CAF-AF5A-4071D5E4DD7E}.Debug|Any CPU.Build.0 = Debug|Any CPU
		{857117D9-135D-4CAF-AF5A-4071D5E4DD7E}.Release|Any CPU.ActiveCfg = Release|Any CPU
		{857117D9-135D-4CAF-AF5A-4071D5E4DD7E}.Release|Any CPU.Build.0 = Release|Any CPU
		{97A8DC04-84D7-49BB-912E-2AC48D62D86C}.Debug|Any CPU.ActiveCfg = Debug|Any CPU
		{97A8DC04-84D7-49BB-912E-2AC48D62D86C}.Debug|Any CPU.Build.0 = Debug|Any CPU
		{97A8DC04-84D7-49BB-912E-2AC48D62D86C}.Release|Any CPU.ActiveCfg = Release|Any CPU
		{97A8DC04-84D7-49BB-912E-2AC48D62D86C}.Release|Any CPU.Build.0 = Release|Any CPU
		{15C5E737-70E2-4332-A969-DE91F090D870}.Debug|Any CPU.ActiveCfg = Debug|Any CPU
		{15C5E737-70E2-4332-A969-DE91F090D870}.Debug|Any CPU.Build.0 = Debug|Any CPU
		{15C5E737-70E2-4332-A969-DE91F090D870}.Release|Any CPU.ActiveCfg = Release|Any CPU
		{15C5E737-70E2-4332-A969-DE91F090D870}.Release|Any CPU.Build.0 = Release|Any CPU
		{2A65711E-0619-4A31-82AB-F6AE9ACC4CF8}.Debug|Any CPU.ActiveCfg = Debug|Any CPU
		{2A65711E-0619-4A31-82AB-F6AE9ACC4CF8}.Debug|Any CPU.Build.0 = Debug|Any CPU
		{2A65711E-0619-4A31-82AB-F6AE9ACC4CF8}.Release|Any CPU.ActiveCfg = Release|Any CPU
		{2A65711E-0619-4A31-82AB-F6AE9ACC4CF8}.Release|Any CPU.Build.0 = Release|Any CPU
		{6A0BB4EB-2EA4-4BB6-A297-BCD534FCF5C7}.Debug|Any CPU.ActiveCfg = Debug|Any CPU
		{6A0BB4EB-2EA4-4BB6-A297-BCD534FCF5C7}.Debug|Any CPU.Build.0 = Debug|Any CPU
		{6A0BB4EB-2EA4-4BB6-A297-BCD534FCF5C7}.Release|Any CPU.ActiveCfg = Release|Any CPU
		{6A0BB4EB-2EA4-4BB6-A297-BCD534FCF5C7}.Release|Any CPU.Build.0 = Release|Any CPU
		{83060FD2-61DE-40E0-BBC4-AE7C14B77023}.Debug|Any CPU.ActiveCfg = Debug|Any CPU
		{83060FD2-61DE-40E0-BBC4-AE7C14B77023}.Debug|Any CPU.Build.0 = Debug|Any CPU
		{83060FD2-61DE-40E0-BBC4-AE7C14B77023}.Release|Any CPU.ActiveCfg = Release|Any CPU
		{83060FD2-61DE-40E0-BBC4-AE7C14B77023}.Release|Any CPU.Build.0 = Release|Any CPU
		{6E8E91C9-B7F2-4D11-908E-44D18828105B}.Debug|Any CPU.ActiveCfg = Debug|Any CPU
		{6E8E91C9-B7F2-4D11-908E-44D18828105B}.Debug|Any CPU.Build.0 = Debug|Any CPU
		{6E8E91C9-B7F2-4D11-908E-44D18828105B}.Release|Any CPU.ActiveCfg = Release|Any CPU
		{6E8E91C9-B7F2-4D11-908E-44D18828105B}.Release|Any CPU.Build.0 = Release|Any CPU
		{ADF1E7C4-A48E-42AD-AC1B-337923BCEAC0}.Debug|Any CPU.ActiveCfg = Debug|Any CPU
		{ADF1E7C4-A48E-42AD-AC1B-337923BCEAC0}.Debug|Any CPU.Build.0 = Debug|Any CPU
		{ADF1E7C4-A48E-42AD-AC1B-337923BCEAC0}.Release|Any CPU.ActiveCfg = Release|Any CPU
		{ADF1E7C4-A48E-42AD-AC1B-337923BCEAC0}.Release|Any CPU.Build.0 = Release|Any CPU
		{C3C3AA6C-53E4-4A4A-82E6-A6946EB298E4}.Debug|Any CPU.ActiveCfg = Debug|Any CPU
		{C3C3AA6C-53E4-4A4A-82E6-A6946EB298E4}.Debug|Any CPU.Build.0 = Debug|Any CPU
		{C3C3AA6C-53E4-4A4A-82E6-A6946EB298E4}.Release|Any CPU.ActiveCfg = Release|Any CPU
		{C3C3AA6C-53E4-4A4A-82E6-A6946EB298E4}.Release|Any CPU.Build.0 = Release|Any CPU
		{C14A5006-91B8-431F-8791-627D456F6F2F}.Debug|Any CPU.ActiveCfg = Debug|Any CPU
		{C14A5006-91B8-431F-8791-627D456F6F2F}.Debug|Any CPU.Build.0 = Debug|Any CPU
		{C14A5006-91B8-431F-8791-627D456F6F2F}.Release|Any CPU.ActiveCfg = Release|Any CPU
		{C14A5006-91B8-431F-8791-627D456F6F2F}.Release|Any CPU.Build.0 = Release|Any CPU
		{FDB6EAFD-4CAB-4E10-9801-2B5C36BCC704}.Debug|Any CPU.ActiveCfg = Debug|Any CPU
		{FDB6EAFD-4CAB-4E10-9801-2B5C36BCC704}.Debug|Any CPU.Build.0 = Debug|Any CPU
		{FDB6EAFD-4CAB-4E10-9801-2B5C36BCC704}.Release|Any CPU.ActiveCfg = Release|Any CPU
		{FDB6EAFD-4CAB-4E10-9801-2B5C36BCC704}.Release|Any CPU.Build.0 = Release|Any CPU
		{5188528C-B756-41BF-A49F-CC46A7D9EC67}.Debug|Any CPU.ActiveCfg = Debug|Any CPU
		{5188528C-B756-41BF-A49F-CC46A7D9EC67}.Debug|Any CPU.Build.0 = Debug|Any CPU
		{5188528C-B756-41BF-A49F-CC46A7D9EC67}.Release|Any CPU.ActiveCfg = Release|Any CPU
		{5188528C-B756-41BF-A49F-CC46A7D9EC67}.Release|Any CPU.Build.0 = Release|Any CPU
		{1FEF61FA-5316-4F78-84D9-BACF45F6C845}.Debug|Any CPU.ActiveCfg = Debug|Any CPU
		{1FEF61FA-5316-4F78-84D9-BACF45F6C845}.Debug|Any CPU.Build.0 = Debug|Any CPU
		{1FEF61FA-5316-4F78-84D9-BACF45F6C845}.Release|Any CPU.ActiveCfg = Release|Any CPU
		{1FEF61FA-5316-4F78-84D9-BACF45F6C845}.Release|Any CPU.Build.0 = Release|Any CPU
		{7B462EC8-DED8-48E3-B825-3C1DF6A49ADE}.Debug|Any CPU.ActiveCfg = Debug|Any CPU
		{7B462EC8-DED8-48E3-B825-3C1DF6A49ADE}.Debug|Any CPU.Build.0 = Debug|Any CPU
		{7B462EC8-DED8-48E3-B825-3C1DF6A49ADE}.Release|Any CPU.ActiveCfg = Release|Any CPU
		{7B462EC8-DED8-48E3-B825-3C1DF6A49ADE}.Release|Any CPU.Build.0 = Release|Any CPU
		{08FAD993-E820-47D6-AF42-DE50D1A3B629}.Debug|Any CPU.ActiveCfg = Debug|Any CPU
		{08FAD993-E820-47D6-AF42-DE50D1A3B629}.Debug|Any CPU.Build.0 = Debug|Any CPU
		{08FAD993-E820-47D6-AF42-DE50D1A3B629}.Release|Any CPU.ActiveCfg = Release|Any CPU
		{08FAD993-E820-47D6-AF42-DE50D1A3B629}.Release|Any CPU.Build.0 = Release|Any CPU
		{095EB86E-3EF9-4925-9F8C-DD24CB95A676}.Debug|Any CPU.ActiveCfg = Debug|Any CPU
		{095EB86E-3EF9-4925-9F8C-DD24CB95A676}.Debug|Any CPU.Build.0 = Debug|Any CPU
		{095EB86E-3EF9-4925-9F8C-DD24CB95A676}.Release|Any CPU.ActiveCfg = Release|Any CPU
		{095EB86E-3EF9-4925-9F8C-DD24CB95A676}.Release|Any CPU.Build.0 = Release|Any CPU
		{BFC63649-279B-476A-8079-107459558CA9}.Debug|Any CPU.ActiveCfg = Debug|Any CPU
		{BFC63649-279B-476A-8079-107459558CA9}.Debug|Any CPU.Build.0 = Debug|Any CPU
		{BFC63649-279B-476A-8079-107459558CA9}.Release|Any CPU.ActiveCfg = Release|Any CPU
		{BFC63649-279B-476A-8079-107459558CA9}.Release|Any CPU.Build.0 = Release|Any CPU
		{1D051FA1-229F-4AAC-A6B4-FB99720D1214}.Debug|Any CPU.ActiveCfg = Debug|Any CPU
		{1D051FA1-229F-4AAC-A6B4-FB99720D1214}.Debug|Any CPU.Build.0 = Debug|Any CPU
		{1D051FA1-229F-4AAC-A6B4-FB99720D1214}.Release|Any CPU.ActiveCfg = Release|Any CPU
		{1D051FA1-229F-4AAC-A6B4-FB99720D1214}.Release|Any CPU.Build.0 = Release|Any CPU
		{6F5A109F-BAC1-4743-9810-046289893E52}.Debug|Any CPU.ActiveCfg = Debug|Any CPU
		{6F5A109F-BAC1-4743-9810-046289893E52}.Debug|Any CPU.Build.0 = Debug|Any CPU
		{6F5A109F-BAC1-4743-9810-046289893E52}.Release|Any CPU.ActiveCfg = Release|Any CPU
		{6F5A109F-BAC1-4743-9810-046289893E52}.Release|Any CPU.Build.0 = Release|Any CPU
		{7761E566-556A-4953-8169-040A0B3A3C6C}.Debug|Any CPU.ActiveCfg = Debug|Any CPU
		{7761E566-556A-4953-8169-040A0B3A3C6C}.Debug|Any CPU.Build.0 = Debug|Any CPU
		{7761E566-556A-4953-8169-040A0B3A3C6C}.Release|Any CPU.ActiveCfg = Release|Any CPU
		{7761E566-556A-4953-8169-040A0B3A3C6C}.Release|Any CPU.Build.0 = Release|Any CPU
	EndGlobalSection
	GlobalSection(SolutionProperties) = preSolution
		HideSolutionNode = FALSE
	EndGlobalSection
	GlobalSection(NestedProjects) = preSolution
		{DEEAA819-AF46-461E-A85A-3BC8710F8B85} = {1658896A-D8E9-499F-9211-9897F3BEBFC3}
		{59B4916B-DA2C-4C3D-973E-5E801DA676EC} = {1658896A-D8E9-499F-9211-9897F3BEBFC3}
		{2B1EB799-D209-4403-9726-3AD9F33D1F8D} = {1658896A-D8E9-499F-9211-9897F3BEBFC3}
		{B2CA3AA8-9512-4A4C-9721-BADA6F3AA539} = {1658896A-D8E9-499F-9211-9897F3BEBFC3}
		{8DB36EBE-B71E-4286-A92E-CBFAE31533E3} = {1658896A-D8E9-499F-9211-9897F3BEBFC3}
		{FCE3C268-AEA4-4970-9956-030A200D0060} = {A281D7A6-CC93-47C2-B992-CEC92E9E51B4}
		{ACB56D89-91C9-407F-BEF3-D7FD2892F181} = {A281D7A6-CC93-47C2-B992-CEC92E9E51B4}
		{016539DB-6E54-4BAF-AB96-0284F634B836} = {A281D7A6-CC93-47C2-B992-CEC92E9E51B4}
		{D0181A3A-D6F7-4C4D-97CE-BDD5E46808E0} = {A281D7A6-CC93-47C2-B992-CEC92E9E51B4}
		{5E50D987-F507-4F8F-8D78-C79C38CA8D78} = {1658896A-D8E9-499F-9211-9897F3BEBFC3}
		{FCE2B60E-C896-48AA-8323-77EF360E70D7} = {5E50D987-F507-4F8F-8D78-C79C38CA8D78}
		{4D841BA8-C190-4FF8-8D65-4978657119F2} = {5E50D987-F507-4F8F-8D78-C79C38CA8D78}
		{F8AD8D1A-F846-43A7-9A74-073719C4C4DF} = {6CB15F90-5300-4873-860C-811C965C0608}
		{8518674C-843F-4BCF-BAD3-3EAEB28E48EF} = {BFB0124B-B167-4653-9D33-A0836F200E66}
		{83340DE1-ABF8-474D-97E5-FB8C563E982C} = {BFB0124B-B167-4653-9D33-A0836F200E66}
		{BDE418AE-D0DE-4F42-81D1-5FCCDA6B33D2} = {BFB0124B-B167-4653-9D33-A0836F200E66}
		{4A86B6E6-14AF-4BFB-B544-E501509A40CD} = {BFB0124B-B167-4653-9D33-A0836F200E66}
		{2644428E-58F9-48CC-B670-C6F31CD847D0} = {BFB0124B-B167-4653-9D33-A0836F200E66}
		{9230C9BE-2908-41E6-B708-9265AC6137BB} = {BFB0124B-B167-4653-9D33-A0836F200E66}
		{299DC41F-DDC9-4600-81C1-E3C59B64E828} = {BFB0124B-B167-4653-9D33-A0836F200E66}
		{770B1EFB-E553-4EBC-B36F-54814CF5B318} = {BFB0124B-B167-4653-9D33-A0836F200E66}
		{52805B97-A4AB-4D9C-9B64-713B4418A68E} = {BFB0124B-B167-4653-9D33-A0836F200E66}
		{FE406B09-A0FD-473C-8F1B-BF63C2F03DB9} = {BFB0124B-B167-4653-9D33-A0836F200E66}
		{49BBC7F5-DDC9-4A6D-90BA-76FAE5C39A48} = {BFB0124B-B167-4653-9D33-A0836F200E66}
		{6ABBAF1C-259F-4D7C-A107-D9CE00D1156F} = {250D4C01-44BE-49E5-BF1A-4246C3D8E688}
		{435714D3-4CCC-4FD2-B7CC-CFA7E5668426} = {250D4C01-44BE-49E5-BF1A-4246C3D8E688}
		{857117D9-135D-4CAF-AF5A-4071D5E4DD7E} = {250D4C01-44BE-49E5-BF1A-4246C3D8E688}
		{97A8DC04-84D7-49BB-912E-2AC48D62D86C} = {250D4C01-44BE-49E5-BF1A-4246C3D8E688}
		{15C5E737-70E2-4332-A969-DE91F090D870} = {250D4C01-44BE-49E5-BF1A-4246C3D8E688}
		{2A65711E-0619-4A31-82AB-F6AE9ACC4CF8} = {250D4C01-44BE-49E5-BF1A-4246C3D8E688}
		{6A0BB4EB-2EA4-4BB6-A297-BCD534FCF5C7} = {250D4C01-44BE-49E5-BF1A-4246C3D8E688}
		{83060FD2-61DE-40E0-BBC4-AE7C14B77023} = {250D4C01-44BE-49E5-BF1A-4246C3D8E688}
		{6E8E91C9-B7F2-4D11-908E-44D18828105B} = {6CB15F90-5300-4873-860C-811C965C0608}
		{ADF1E7C4-A48E-42AD-AC1B-337923BCEAC0} = {250D4C01-44BE-49E5-BF1A-4246C3D8E688}
		{C3C3AA6C-53E4-4A4A-82E6-A6946EB298E4} = {250D4C01-44BE-49E5-BF1A-4246C3D8E688}
		{C14A5006-91B8-431F-8791-627D456F6F2F} = {C2289092-A534-4CDF-8C5E-EDF45657550B}
		{FDB6EAFD-4CAB-4E10-9801-2B5C36BCC704} = {C2289092-A534-4CDF-8C5E-EDF45657550B}
		{5188528C-B756-41BF-A49F-CC46A7D9EC67} = {19D64D43-D79A-4F89-AFB9-23B486E61C2F}
		{1FEF61FA-5316-4F78-84D9-BACF45F6C845} = {250D4C01-44BE-49E5-BF1A-4246C3D8E688}
		{7B462EC8-DED8-48E3-B825-3C1DF6A49ADE} = {250D4C01-44BE-49E5-BF1A-4246C3D8E688}
		{08FAD993-E820-47D6-AF42-DE50D1A3B629} = {C2289092-A534-4CDF-8C5E-EDF45657550B}
		{095EB86E-3EF9-4925-9F8C-DD24CB95A676} = {FE8997BF-6B46-4987-9B53-60D8E18053E2}
		{BFC63649-279B-476A-8079-107459558CA9} = {FE8997BF-6B46-4987-9B53-60D8E18053E2}
		{1D051FA1-229F-4AAC-A6B4-FB99720D1214} = {F74D9609-F34E-426C-B74B-AA88489F1185}
		{6F5A109F-BAC1-4743-9810-046289893E52} = {F5767038-6FC9-4E4F-B65F-37423F5D1044}
		{7761E566-556A-4953-8169-040A0B3A3C6C} = {926A3593-543C-4AB7-825E-AD956A6C3BF9}
	EndGlobalSection
	GlobalSection(ExtensibilityGlobals) = postSolution
		SolutionGuid = {BD414667-93C3-45F2-9EDB-3A3165131C92}
	EndGlobalSection
EndGlobal
